lockfileVersion: '6.0'

devDependencies:
  '@types/firefox-webext-browser':
    specifier: ^120.0.0
    version: 120.0.0
  typescript:
    specifier: ^5.3.3
    version: 5.3.3
  web-ext-types:
    specifier: ^3.2.1
    version: 3.2.1

packages:

  /@types/firefox-webext-browser@120.0.0:
    resolution: {integrity: sha512-L+tDlwNeq0kQGfAYc2sNfKhRWJz9CNRvlbq9HnLibKUiJ3VTThG8sj7xrJF4CtKpEA9eBAr91Z2nnKIAy+xUJg==}
    dev: true

  /typescript@5.3.3:
    resolution: {integrity: sha512-pXWcraxM0uxAS+tN0AG/BF2TyqmHO014Z070UsJ+pFvYuRSq8KH8DmWpnbXe0pEPDHXZV3FcAbJkijJ5oNEnWw==}
    engines: {node: '>=14.17'}
    hasBin: true
    dev: true

  /web-ext-types@3.2.1:
    resolution: {integrity: sha512-oQZYDU3W8X867h8Jmt3129kRVKklz70db40Y6OzoTTuzOJpF/dB2KULJUf0txVPyUUXuyzV8GmT3nVvRHoG+Ew==}
    dev: true
